{
  "name": "mit-not-allowed",
  "requires": true,
  "lockfileVersion": 1,
  "dependencies": {
    "apache-2.0-licensed": {
      "version": "1.0.0",
      "resolved": "https://registry.npmjs.org/apache-2.0-licensed/-/apache-2.0-licensed-1.0.0.tgz",
      "integrity": "sha1-4RNznfa2HH93AnhFWlz6ixwPyAc=",
      "dev": true
    },
    "mit-licensed": {
      "version": "1.0.0",
      "resolved": "https://registry.npmjs.org/mit-licensed/-/mit-licensed-1.0.0.tgz",
      "integrity": "sha1-/YBXPYPQBMezBoFz2z6MRB13A/k="
    }
  }
}
