{
  "name": "unlicensed-subdependency",
  "requires": true,
  "lockfileVersion": 1,
  "dependencies": {
    "mit-licensed-depends-on-not-licensed": {
      "version": "1.0.1",
      "resolved": "https://registry.npmjs.org/mit-licensed-depends-on-not-licensed/-/mit-licensed-depends-on-not-licensed-1.0.1.tgz",
      "integrity": "sha1-U1z3FXG0IG8wstxADj6j4YWrTYM=",
      "requires": {
        "not-licensed": "1.0.0"
      }
    },
    "not-licensed": {
      "version": "1.0.0",
      "resolved": "https://registry.npmjs.org/not-licensed/-/not-licensed-1.0.0.tgz",
      "integrity": "sha1-4MDTAirx5RpJ0kcDycegwwoPWag="
    }
  }
}
