{
  "name": "blue-oak-fail",
  "requires": true,
  "lockfileVersion": 1,
  "dependencies": {
    "gpl-2.0-licensed": {
      "version": "1.0.0",
      "resolved": "https://registry.npmjs.org/gpl-2.0-licensed/-/gpl-2.0-licensed-1.0.0.tgz",
      "integrity": "sha512-KNol5xR+cOQ8mST4GyymwM04GaJhDzC9DZJlGrz3sIBT22Ng49qBRlLmOdVDsvsrpu6xe0fmlqMO+uEDHq0G2Q=="
    }
  }
}
